// !$*UTF8*$!
{
	archiveVersion = 1;
	classes = {
	};
	objectVersion = 56;
	objects = {

/* Begin PBXBuildFile section */
		CACC1A202B0FB4FA00BEC237 /* AppDelegate.swift in Sources */ = {isa = PBXBuildFile; fileRef = CACC1A1F2B0FB4FA00BEC237 /* AppDelegate.swift */; };
		CACC1A242B0FB4FA00BEC237 /* MainViewController.swift in Sources */ = {isa = PBXBuildFile; fileRef = CACC1A232B0FB4FA00BEC237 /* MainViewController.swift */; };
		CACC1A2A2B0FB4FA00BEC237 /* Login.xcdatamodeld in Sources */ = {isa = PBXBuildFile; fileRef = CACC1A282B0FB4FA00BEC237 /* Login.xcdatamodeld */; };
		CACC1A2C2B0FB4FB00BEC237 /* Assets.xcassets in Resources */ = {isa = PBXBuildFile; fileRef = CACC1A2B2B0FB4FB00BEC237 /* Assets.xcassets */; };
		CACC1A2F2B0FB4FB00BEC237 /* LaunchScreen.storyboard in Resources */ = {isa = PBXBuildFile; fileRef = CACC1A2D2B0FB4FB00BEC237 /* LaunchScreen.storyboard */; };
		CACC1A3A2B0FB4FC00BEC237 /* LoginTests.swift in Sources */ = {isa = PBXBuildFile; fileRef = CACC1A392B0FB4FC00BEC237 /* LoginTests.swift */; };
		CACC1A442B0FB4FC00BEC237 /* LoginUITests.swift in Sources */ = {isa = PBXBuildFile; fileRef = CACC1A432B0FB4FC00BEC237 /* LoginUITests.swift */; };
		CACC1A462B0FB4FC00BEC237 /* LoginUITestsLaunchTests.swift in Sources */ = {isa = PBXBuildFile; fileRef = CACC1A452B0FB4FC00BEC237 /* LoginUITestsLaunchTests.swift */; };
		CACC1A572B0FB55F00BEC237 /* BaseWireframe.swift in Sources */ = {isa = PBXBuildFile; fileRef = CACC1A532B0FB55F00BEC237 /* BaseWireframe.swift */; };
		CACC1A582B0FB55F00BEC237 /* PresenterInterface.swift in Sources */ = {isa = PBXBuildFile; fileRef = CACC1A542B0FB55F00BEC237 /* PresenterInterface.swift */; };
		CACC1A592B0FB55F00BEC237 /* ViewInterface.swift in Sources */ = {isa = PBXBuildFile; fileRef = CACC1A552B0FB55F00BEC237 /* ViewInterface.swift */; };
		CACC1A5A2B0FB55F00BEC237 /* InteractorInterface.swift in Sources */ = {isa = PBXBuildFile; fileRef = CACC1A562B0FB55F00BEC237 /* InteractorInterface.swift */; };
		CACC1A5D2B0FB5CA00BEC237 /* AlertViewModel.swift in Sources */ = {isa = PBXBuildFile; fileRef = CACC1A5C2B0FB5CA00BEC237 /* AlertViewModel.swift */; };
		CACC1A6D2B0FB6A600BEC237 /* LoginWelcomeViewController.swift in Sources */ = {isa = PBXBuildFile; fileRef = CACC1A612B0FB6A600BEC237 /* LoginWelcomeViewController.swift */; };
		CACC1A6E2B0FB6A600BEC237 /* LoginWelcomeInterfaces.swift in Sources */ = {isa = PBXBuildFile; fileRef = CACC1A622B0FB6A600BEC237 /* LoginWelcomeInterfaces.swift */; };
		CACC1A6F2B0FB6A600BEC237 /* LoginWelcomePresenter.swift in Sources */ = {isa = PBXBuildFile; fileRef = CACC1A632B0FB6A600BEC237 /* LoginWelcomePresenter.swift */; };
		CACC1A702B0FB6A600BEC237 /* LoginWelcomeWireframe.swift in Sources */ = {isa = PBXBuildFile; fileRef = CACC1A642B0FB6A600BEC237 /* LoginWelcomeWireframe.swift */; };
		CACC1A722B0FB6A600BEC237 /* InputTextTableViewCell.swift in Sources */ = {isa = PBXBuildFile; fileRef = CACC1A682B0FB6A600BEC237 /* InputTextTableViewCell.swift */; };
		CACC1A782B0FB83900BEC237 /* MainInterfaces.swift in Sources */ = {isa = PBXBuildFile; fileRef = CACC1A772B0FB83900BEC237 /* MainInterfaces.swift */; };
		CACC1A7A2B0FB84600BEC237 /* MainPresenter.swift in Sources */ = {isa = PBXBuildFile; fileRef = CACC1A792B0FB84600BEC237 /* MainPresenter.swift */; };
		CACC1A7C2B0FB85E00BEC237 /* MainWireframe.swift in Sources */ = {isa = PBXBuildFile; fileRef = CACC1A7B2B0FB85E00BEC237 /* MainWireframe.swift */; };
		CACC1A842B0FBAF400BEC237 /* LocalDataManager.swift in Sources */ = {isa = PBXBuildFile; fileRef = CACC1A7F2B0FBAF400BEC237 /* LocalDataManager.swift */; };
		CACC1A852B0FBAF400BEC237 /* CoreDataStore.swift in Sources */ = {isa = PBXBuildFile; fileRef = CACC1A802B0FBAF400BEC237 /* CoreDataStore.swift */; };
		CACC1A8C2B0FE01500BEC237 /* Describable.swift in Sources */ = {isa = PBXBuildFile; fileRef = CACC1A8B2B0FE01500BEC237 /* Describable.swift */; };
		CAF3F72D2B100A5200721E96 /* User.swift in Sources */ = {isa = PBXBuildFile; fileRef = CAF3F72C2B100A5200721E96 /* User.swift */; };
		CAF3F72F2B103F4900721E96 /* MainInteractor.swift in Sources */ = {isa = PBXBuildFile; fileRef = CAF3F72E2B103F4900721E96 /* MainInteractor.swift */; };
		CAF3F7312B103F6000721E96 /* LoginWelcomeInteractor.swift in Sources */ = {isa = PBXBuildFile; fileRef = CAF3F7302B103F6000721E96 /* LoginWelcomeInteractor.swift */; };
		CAF3F7342B1062EB00721E96 /* TextFieldType.swift in Sources */ = {isa = PBXBuildFile; fileRef = CAF3F7332B1062EB00721E96 /* TextFieldType.swift */; };
		CAF3F7362B1068A400721E96 /* String+Utils.swift in Sources */ = {isa = PBXBuildFile; fileRef = CAF3F7352B1068A400721E96 /* String+Utils.swift */; };
		CAF3F7382B1068C100721E96 /* CodingUserInfoKey+Utils.swift in Sources */ = {isa = PBXBuildFile; fileRef = CAF3F7372B1068C100721E96 /* CodingUserInfoKey+Utils.swift */; };
		CAF3F73A2B106BFC00721E96 /* Constants.swift in Sources */ = {isa = PBXBuildFile; fileRef = CAF3F7392B106BFC00721E96 /* Constants.swift */; };
		CAF3F73C2B10AE7D00721E96 /* DescriptionTableViewCell.swift in Sources */ = {isa = PBXBuildFile; fileRef = CAF3F73B2B10AE7D00721E96 /* DescriptionTableViewCell.swift */; };
/* End PBXBuildFile section */

/* Begin PBXContainerItemProxy section */
		CACC1A362B0FB4FC00BEC237 /* PBXContainerItemProxy */ = {
			isa = PBXContainerItemProxy;
			containerPortal = CACC1A142B0FB4FA00BEC237 /* Project object */;
			proxyType = 1;
			remoteGlobalIDString = CACC1A1B2B0FB4FA00BEC237;
			remoteInfo = Login;
		};
		CACC1A402B0FB4FC00BEC237 /* PBXContainerItemProxy */ = {
			isa = PBXContainerItemProxy;
			containerPortal = CACC1A142B0FB4FA00BEC237 /* Project object */;
			proxyType = 1;
			remoteGlobalIDString = CACC1A1B2B0FB4FA00BEC237;
			remoteInfo = Login;
		};
/* End PBXContainerItemProxy section */

/* Begin PBXFileReference section */
		CACC1A1C2B0FB4FA00BEC237 /* Login.app */ = {isa = PBXFileReference; explicitFileType = wrapper.application; includeInIndex = 0; path = Login.app; sourceTree = BUILT_PRODUCTS_DIR; };
		CACC1A1F2B0FB4FA00BEC237 /* AppDelegate.swift */ = {isa = PBXFileReference; lastKnownFileType = sourcecode.swift; path = AppDelegate.swift; sourceTree = "<group>"; };
		CACC1A232B0FB4FA00BEC237 /* MainViewController.swift */ = {isa = PBXFileReference; lastKnownFileType = sourcecode.swift; path = MainViewController.swift; sourceTree = "<group>"; };
		CACC1A292B0FB4FA00BEC237 /* Login.xcdatamodel */ = {isa = PBXFileReference; lastKnownFileType = wrapper.xcdatamodel; path = Login.xcdatamodel; sourceTree = "<group>"; };
		CACC1A2B2B0FB4FB00BEC237 /* Assets.xcassets */ = {isa = PBXFileReference; lastKnownFileType = folder.assetcatalog; path = Assets.xcassets; sourceTree = "<group>"; };
		CACC1A2E2B0FB4FB00BEC237 /* Base */ = {isa = PBXFileReference; lastKnownFileType = file.storyboard; name = Base; path = Base.lproj/LaunchScreen.storyboard; sourceTree = "<group>"; };
		CACC1A302B0FB4FB00BEC237 /* Info.plist */ = {isa = PBXFileReference; lastKnownFileType = text.plist.xml; path = Info.plist; sourceTree = "<group>"; };
		CACC1A352B0FB4FC00BEC237 /* LoginTests.xctest */ = {isa = PBXFileReference; explicitFileType = wrapper.cfbundle; includeInIndex = 0; path = LoginTests.xctest; sourceTree = BUILT_PRODUCTS_DIR; };
		CACC1A392B0FB4FC00BEC237 /* LoginTests.swift */ = {isa = PBXFileReference; lastKnownFileType = sourcecode.swift; path = LoginTests.swift; sourceTree = "<group>"; };
		CACC1A3F2B0FB4FC00BEC237 /* LoginUITests.xctest */ = {isa = PBXFileReference; explicitFileType = wrapper.cfbundle; includeInIndex = 0; path = LoginUITests.xctest; sourceTree = BUILT_PRODUCTS_DIR; };
		CACC1A432B0FB4FC00BEC237 /* LoginUITests.swift */ = {isa = PBXFileReference; lastKnownFileType = sourcecode.swift; path = LoginUITests.swift; sourceTree = "<group>"; };
		CACC1A452B0FB4FC00BEC237 /* LoginUITestsLaunchTests.swift */ = {isa = PBXFileReference; lastKnownFileType = sourcecode.swift; path = LoginUITestsLaunchTests.swift; sourceTree = "<group>"; };
		CACC1A532B0FB55F00BEC237 /* BaseWireframe.swift */ = {isa = PBXFileReference; fileEncoding = 4; lastKnownFileType = sourcecode.swift; path = BaseWireframe.swift; sourceTree = "<group>"; };
		CACC1A542B0FB55F00BEC237 /* PresenterInterface.swift */ = {isa = PBXFileReference; fileEncoding = 4; lastKnownFileType = sourcecode.swift; path = PresenterInterface.swift; sourceTree = "<group>"; };
		CACC1A552B0FB55F00BEC237 /* ViewInterface.swift */ = {isa = PBXFileReference; fileEncoding = 4; lastKnownFileType = sourcecode.swift; path = ViewInterface.swift; sourceTree = "<group>"; };
		CACC1A562B0FB55F00BEC237 /* InteractorInterface.swift */ = {isa = PBXFileReference; fileEncoding = 4; lastKnownFileType = sourcecode.swift; path = InteractorInterface.swift; sourceTree = "<group>"; };
		CACC1A5C2B0FB5CA00BEC237 /* AlertViewModel.swift */ = {isa = PBXFileReference; fileEncoding = 4; lastKnownFileType = sourcecode.swift; path = AlertViewModel.swift; sourceTree = "<group>"; };
		CACC1A612B0FB6A600BEC237 /* LoginWelcomeViewController.swift */ = {isa = PBXFileReference; fileEncoding = 4; lastKnownFileType = sourcecode.swift; path = LoginWelcomeViewController.swift; sourceTree = "<group>"; };
		CACC1A622B0FB6A600BEC237 /* LoginWelcomeInterfaces.swift */ = {isa = PBXFileReference; fileEncoding = 4; lastKnownFileType = sourcecode.swift; path = LoginWelcomeInterfaces.swift; sourceTree = "<group>"; };
		CACC1A632B0FB6A600BEC237 /* LoginWelcomePresenter.swift */ = {isa = PBXFileReference; fileEncoding = 4; lastKnownFileType = sourcecode.swift; path = LoginWelcomePresenter.swift; sourceTree = "<group>"; };
		CACC1A642B0FB6A600BEC237 /* LoginWelcomeWireframe.swift */ = {isa = PBXFileReference; fileEncoding = 4; lastKnownFileType = sourcecode.swift; path = LoginWelcomeWireframe.swift; sourceTree = "<group>"; };
		CACC1A682B0FB6A600BEC237 /* InputTextTableViewCell.swift */ = {isa = PBXFileReference; fileEncoding = 4; lastKnownFileType = sourcecode.swift; path = InputTextTableViewCell.swift; sourceTree = "<group>"; };
		CACC1A772B0FB83900BEC237 /* MainInterfaces.swift */ = {isa = PBXFileReference; lastKnownFileType = sourcecode.swift; path = MainInterfaces.swift; sourceTree = "<group>"; };
		CACC1A792B0FB84600BEC237 /* MainPresenter.swift */ = {isa = PBXFileReference; lastKnownFileType = sourcecode.swift; path = MainPresenter.swift; sourceTree = "<group>"; };
		CACC1A7B2B0FB85E00BEC237 /* MainWireframe.swift */ = {isa = PBXFileReference; lastKnownFileType = sourcecode.swift; path = MainWireframe.swift; sourceTree = "<group>"; };
		CACC1A7F2B0FBAF400BEC237 /* LocalDataManager.swift */ = {isa = PBXFileReference; fileEncoding = 4; lastKnownFileType = sourcecode.swift; path = LocalDataManager.swift; sourceTree = "<group>"; };
		CACC1A802B0FBAF400BEC237 /* CoreDataStore.swift */ = {isa = PBXFileReference; fileEncoding = 4; lastKnownFileType = sourcecode.swift; path = CoreDataStore.swift; sourceTree = "<group>"; };
		CACC1A8B2B0FE01500BEC237 /* Describable.swift */ = {isa = PBXFileReference; lastKnownFileType = sourcecode.swift; path = Describable.swift; sourceTree = "<group>"; };
		CAF3F72C2B100A5200721E96 /* User.swift */ = {isa = PBXFileReference; lastKnownFileType = sourcecode.swift; path = User.swift; sourceTree = "<group>"; };
		CAF3F72E2B103F4900721E96 /* MainInteractor.swift */ = {isa = PBXFileReference; lastKnownFileType = sourcecode.swift; path = MainInteractor.swift; sourceTree = "<group>"; };
		CAF3F7302B103F6000721E96 /* LoginWelcomeInteractor.swift */ = {isa = PBXFileReference; lastKnownFileType = sourcecode.swift; path = LoginWelcomeInteractor.swift; sourceTree = "<group>"; };
		CAF3F7332B1062EB00721E96 /* TextFieldType.swift */ = {isa = PBXFileReference; lastKnownFileType = sourcecode.swift; path = TextFieldType.swift; sourceTree = "<group>"; };
		CAF3F7352B1068A400721E96 /* String+Utils.swift */ = {isa = PBXFileReference; lastKnownFileType = sourcecode.swift; path = "String+Utils.swift"; sourceTree = "<group>"; };
		CAF3F7372B1068C100721E96 /* CodingUserInfoKey+Utils.swift */ = {isa = PBXFileReference; lastKnownFileType = sourcecode.swift; path = "CodingUserInfoKey+Utils.swift"; sourceTree = "<group>"; };
		CAF3F7392B106BFC00721E96 /* Constants.swift */ = {isa = PBXFileReference; lastKnownFileType = sourcecode.swift; path = Constants.swift; sourceTree = "<group>"; };
		CAF3F73B2B10AE7D00721E96 /* DescriptionTableViewCell.swift */ = {isa = PBXFileReference; lastKnownFileType = sourcecode.swift; path = DescriptionTableViewCell.swift; sourceTree = "<group>"; };
/* End PBXFileReference section */

/* Begin PBXFrameworksBuildPhase section */
		CACC1A192B0FB4FA00BEC237 /* Frameworks */ = {
			isa = PBXFrameworksBuildPhase;
			buildActionMask = 2147483647;
			files = (
			);
			runOnlyForDeploymentPostprocessing = 0;
		};
		CACC1A322B0FB4FC00BEC237 /* Frameworks */ = {
			isa = PBXFrameworksBuildPhase;
			buildActionMask = 2147483647;
			files = (
			);
			runOnlyForDeploymentPostprocessing = 0;
		};
		CACC1A3C2B0FB4FC00BEC237 /* Frameworks */ = {
			isa = PBXFrameworksBuildPhase;
			buildActionMask = 2147483647;
			files = (
			);
			runOnlyForDeploymentPostprocessing = 0;
		};
/* End PBXFrameworksBuildPhase section */

/* Begin PBXGroup section */
		CACC1A132B0FB4FA00BEC237 = {
			isa = PBXGroup;
			children = (
				CACC1A1E2B0FB4FA00BEC237 /* Login */,
				CACC1A382B0FB4FC00BEC237 /* LoginTests */,
				CACC1A422B0FB4FC00BEC237 /* LoginUITests */,
				CACC1A1D2B0FB4FA00BEC237 /* Products */,
			);
			sourceTree = "<group>";
		};
		CACC1A1D2B0FB4FA00BEC237 /* Products */ = {
			isa = PBXGroup;
			children = (
				CACC1A1C2B0FB4FA00BEC237 /* Login.app */,
				CACC1A352B0FB4FC00BEC237 /* LoginTests.xctest */,
				CACC1A3F2B0FB4FC00BEC237 /* LoginUITests.xctest */,
			);
			name = Products;
			sourceTree = "<group>";
		};
		CACC1A1E2B0FB4FA00BEC237 /* Login */ = {
			isa = PBXGroup;
			children = (
				CACC1A522B0FB55F00BEC237 /* Base */,
				CACC1A882B0FBB0C00BEC237 /* Common */,
				CACC1A7D2B0FBAF400BEC237 /* Managers */,
				CACC1A5E2B0FB63E00BEC237 /* Modules */,
			);
			path = Login;
			sourceTree = "<group>";
		};
		CACC1A382B0FB4FC00BEC237 /* LoginTests */ = {
			isa = PBXGroup;
			children = (
				CACC1A392B0FB4FC00BEC237 /* LoginTests.swift */,
			);
			path = LoginTests;
			sourceTree = "<group>";
		};
		CACC1A422B0FB4FC00BEC237 /* LoginUITests */ = {
			isa = PBXGroup;
			children = (
				CACC1A432B0FB4FC00BEC237 /* LoginUITests.swift */,
				CACC1A452B0FB4FC00BEC237 /* LoginUITestsLaunchTests.swift */,
			);
			path = LoginUITests;
			sourceTree = "<group>";
		};
		CACC1A522B0FB55F00BEC237 /* Base */ = {
			isa = PBXGroup;
			children = (
				CACC1A5B2B0FB5AD00BEC237 /* ViewModel */,
				CACC1A532B0FB55F00BEC237 /* BaseWireframe.swift */,
				CACC1A542B0FB55F00BEC237 /* PresenterInterface.swift */,
				CACC1A552B0FB55F00BEC237 /* ViewInterface.swift */,
				CACC1A562B0FB55F00BEC237 /* InteractorInterface.swift */,
			);
			path = Base;
			sourceTree = "<group>";
		};
		CACC1A5B2B0FB5AD00BEC237 /* ViewModel */ = {
			isa = PBXGroup;
			children = (
				CACC1A5C2B0FB5CA00BEC237 /* AlertViewModel.swift */,
			);
			path = ViewModel;
			sourceTree = "<group>";
		};
		CACC1A5E2B0FB63E00BEC237 /* Modules */ = {
			isa = PBXGroup;
			children = (
				CACC1A602B0FB66A00BEC237 /* LoginWelcome */,
				CACC1A5F2B0FB65200BEC237 /* Main */,
			);
			path = Modules;
			sourceTree = "<group>";
		};
		CACC1A5F2B0FB65200BEC237 /* Main */ = {
			isa = PBXGroup;
			children = (
				CAF3F72E2B103F4900721E96 /* MainInteractor.swift */,
				CACC1A772B0FB83900BEC237 /* MainInterfaces.swift */,
				CACC1A792B0FB84600BEC237 /* MainPresenter.swift */,
				CACC1A7B2B0FB85E00BEC237 /* MainWireframe.swift */,
				CACC1A762B0FB80200BEC237 /* View */,
			);
			path = Main;
			sourceTree = "<group>";
		};
		CACC1A602B0FB66A00BEC237 /* LoginWelcome */ = {
			isa = PBXGroup;
			children = (
				CAF3F7302B103F6000721E96 /* LoginWelcomeInteractor.swift */,
				CACC1A622B0FB6A600BEC237 /* LoginWelcomeInterfaces.swift */,
				CACC1A632B0FB6A600BEC237 /* LoginWelcomePresenter.swift */,
				CACC1A642B0FB6A600BEC237 /* LoginWelcomeWireframe.swift */,
				CACC1A652B0FB6A600BEC237 /* View */,
			);
			path = LoginWelcome;
			sourceTree = "<group>";
		};
		CACC1A652B0FB6A600BEC237 /* View */ = {
			isa = PBXGroup;
			children = (
				CACC1A612B0FB6A600BEC237 /* LoginWelcomeViewController.swift */,
				CACC1A672B0FB6A600BEC237 /* Cell */,
			);
			path = View;
			sourceTree = "<group>";
		};
		CACC1A672B0FB6A600BEC237 /* Cell */ = {
			isa = PBXGroup;
			children = (
				CAF3F73B2B10AE7D00721E96 /* DescriptionTableViewCell.swift */,
			);
			path = Cell;
			sourceTree = "<group>";
		};
		CACC1A762B0FB80200BEC237 /* View */ = {
			isa = PBXGroup;
			children = (
				CACC1A892B0FDF9A00BEC237 /* Cell */,
				CACC1A232B0FB4FA00BEC237 /* MainViewController.swift */,
			);
			path = View;
			sourceTree = "<group>";
		};
		CACC1A7D2B0FBAF400BEC237 /* Managers */ = {
			isa = PBXGroup;
			children = (
				CACC1A7E2B0FBAF400BEC237 /* LocalDataManager */,
			);
			path = Managers;
			sourceTree = "<group>";
		};
		CACC1A7E2B0FBAF400BEC237 /* LocalDataManager */ = {
			isa = PBXGroup;
			children = (
				CACC1A7F2B0FBAF400BEC237 /* LocalDataManager.swift */,
				CACC1A802B0FBAF400BEC237 /* CoreDataStore.swift */,
			);
			path = LocalDataManager;
			sourceTree = "<group>";
		};
		CACC1A882B0FBB0C00BEC237 /* Common */ = {
			isa = PBXGroup;
			children = (
				CACC1A302B0FB4FB00BEC237 /* Info.plist */,
				CACC1A1F2B0FB4FA00BEC237 /* AppDelegate.swift */,
				CAF3F7392B106BFC00721E96 /* Constants.swift */,
				CACC1A2B2B0FB4FB00BEC237 /* Assets.xcassets */,
				CAF3F7322B1062DD00721E96 /* Formatter */,
				CACC1A2D2B0FB4FB00BEC237 /* LaunchScreen.storyboard */,
				CACC1A282B0FB4FA00BEC237 /* Login.xcdatamodeld */,
				CAF3F72B2B100A4400721E96 /* Models */,
				CACC1A8A2B0FDFFD00BEC237 /* Utils */,
			);
			path = Common;
			sourceTree = "<group>";
		};
		CACC1A892B0FDF9A00BEC237 /* Cell */ = {
			isa = PBXGroup;
			children = (
				CACC1A682B0FB6A600BEC237 /* InputTextTableViewCell.swift */,
			);
			path = Cell;
			sourceTree = "<group>";
		};
		CACC1A8A2B0FDFFD00BEC237 /* Utils */ = {
			isa = PBXGroup;
			children = (
				CACC1A8B2B0FE01500BEC237 /* Describable.swift */,
				CAF3F7352B1068A400721E96 /* String+Utils.swift */,
				CAF3F7372B1068C100721E96 /* CodingUserInfoKey+Utils.swift */,
			);
			path = Utils;
			sourceTree = "<group>";
		};
		CAF3F72B2B100A4400721E96 /* Models */ = {
			isa = PBXGroup;
			children = (
				CAF3F72C2B100A5200721E96 /* User.swift */,
			);
			path = Models;
			sourceTree = "<group>";
		};
		CAF3F7322B1062DD00721E96 /* Formatter */ = {
			isa = PBXGroup;
			children = (
				CAF3F7332B1062EB00721E96 /* TextFieldType.swift */,
			);
			path = Formatter;
			sourceTree = "<group>";
		};
/* End PBXGroup section */

/* Begin PBXNativeTarget section */
		CACC1A1B2B0FB4FA00BEC237 /* Login */ = {
			isa = PBXNativeTarget;
			buildConfigurationList = CACC1A492B0FB4FC00BEC237 /* Build configuration list for PBXNativeTarget "Login" */;
			buildPhases = (
				CACC1A182B0FB4FA00BEC237 /* Sources */,
				CACC1A192B0FB4FA00BEC237 /* Frameworks */,
				CACC1A1A2B0FB4FA00BEC237 /* Resources */,
			);
			buildRules = (
			);
			dependencies = (
			);
			name = Login;
			productName = Login;
			productReference = CACC1A1C2B0FB4FA00BEC237 /* Login.app */;
			productType = "com.apple.product-type.application";
		};
		CACC1A342B0FB4FC00BEC237 /* LoginTests */ = {
			isa = PBXNativeTarget;
			buildConfigurationList = CACC1A4C2B0FB4FC00BEC237 /* Build configuration list for PBXNativeTarget "LoginTests" */;
			buildPhases = (
				CACC1A312B0FB4FC00BEC237 /* Sources */,
				CACC1A322B0FB4FC00BEC237 /* Frameworks */,
				CACC1A332B0FB4FC00BEC237 /* Resources */,
			);
			buildRules = (
			);
			dependencies = (
				CACC1A372B0FB4FC00BEC237 /* PBXTargetDependency */,
			);
			name = LoginTests;
			productName = LoginTests;
			productReference = CACC1A352B0FB4FC00BEC237 /* LoginTests.xctest */;
			productType = "com.apple.product-type.bundle.unit-test";
		};
		CACC1A3E2B0FB4FC00BEC237 /* LoginUITests */ = {
			isa = PBXNativeTarget;
			buildConfigurationList = CACC1A4F2B0FB4FC00BEC237 /* Build configuration list for PBXNativeTarget "LoginUITests" */;
			buildPhases = (
				CACC1A3B2B0FB4FC00BEC237 /* Sources */,
				CACC1A3C2B0FB4FC00BEC237 /* Frameworks */,
				CACC1A3D2B0FB4FC00BEC237 /* Resources */,
			);
			buildRules = (
			);
			dependencies = (
				CACC1A412B0FB4FC00BEC237 /* PBXTargetDependency */,
			);
			name = LoginUITests;
			productName = LoginUITests;
			productReference = CACC1A3F2B0FB4FC00BEC237 /* LoginUITests.xctest */;
			productType = "com.apple.product-type.bundle.ui-testing";
		};
/* End PBXNativeTarget section */

/* Begin PBXProject section */
		CACC1A142B0FB4FA00BEC237 /* Project object */ = {
			isa = PBXProject;
			attributes = {
				BuildIndependentTargetsInParallel = 1;
				LastSwiftUpdateCheck = 1500;
				LastUpgradeCheck = 1500;
				TargetAttributes = {
					CACC1A1B2B0FB4FA00BEC237 = {
						CreatedOnToolsVersion = 15.0.1;
					};
					CACC1A342B0FB4FC00BEC237 = {
						CreatedOnToolsVersion = 15.0.1;
						TestTargetID = CACC1A1B2B0FB4FA00BEC237;
					};
					CACC1A3E2B0FB4FC00BEC237 = {
						CreatedOnToolsVersion = 15.0.1;
						TestTargetID = CACC1A1B2B0FB4FA00BEC237;
					};
				};
			};
			buildConfigurationList = CACC1A172B0FB4FA00BEC237 /* Build configuration list for PBXProject "Login" */;
			compatibilityVersion = "Xcode 14.0";
			developmentRegion = en;
			hasScannedForEncodings = 0;
			knownRegions = (
				en,
				Base,
			);
			mainGroup = CACC1A132B0FB4FA00BEC237;
			productRefGroup = CACC1A1D2B0FB4FA00BEC237 /* Products */;
			projectDirPath = "";
			projectRoot = "";
			targets = (
				CACC1A1B2B0FB4FA00BEC237 /* Login */,
				CACC1A342B0FB4FC00BEC237 /* LoginTests */,
				CACC1A3E2B0FB4FC00BEC237 /* LoginUITests */,
			);
		};
/* End PBXProject section */

/* Begin PBXResourcesBuildPhase section */
		CACC1A1A2B0FB4FA00BEC237 /* Resources */ = {
			isa = PBXResourcesBuildPhase;
			buildActionMask = 2147483647;
			files = (
				CACC1A2F2B0FB4FB00BEC237 /* LaunchScreen.storyboard in Resources */,
				CACC1A2C2B0FB4FB00BEC237 /* Assets.xcassets in Resources */,
			);
			runOnlyForDeploymentPostprocessing = 0;
		};
		CACC1A332B0FB4FC00BEC237 /* Resources */ = {
			isa = PBXResourcesBuildPhase;
			buildActionMask = 2147483647;
			files = (
			);
			runOnlyForDeploymentPostprocessing = 0;
		};
		CACC1A3D2B0FB4FC00BEC237 /* Resources */ = {
			isa = PBXResourcesBuildPhase;
			buildActionMask = 2147483647;
			files = (
			);
			runOnlyForDeploymentPostprocessing = 0;
		};
/* End PBXResourcesBuildPhase section */

/* Begin PBXSourcesBuildPhase section */
		CACC1A182B0FB4FA00BEC237 /* Sources */ = {
			isa = PBXSourcesBuildPhase;
			buildActionMask = 2147483647;
			files = (
				CACC1A5A2B0FB55F00BEC237 /* InteractorInterface.swift in Sources */,
				CACC1A6E2B0FB6A600BEC237 /* LoginWelcomeInterfaces.swift in Sources */,
				CACC1A7A2B0FB84600BEC237 /* MainPresenter.swift in Sources */,
				CACC1A7C2B0FB85E00BEC237 /* MainWireframe.swift in Sources */,
				CACC1A242B0FB4FA00BEC237 /* MainViewController.swift in Sources */,
				CAF3F72F2B103F4900721E96 /* MainInteractor.swift in Sources */,
				CAF3F7342B1062EB00721E96 /* TextFieldType.swift in Sources */,
				CAF3F73A2B106BFC00721E96 /* Constants.swift in Sources */,
				CACC1A702B0FB6A600BEC237 /* LoginWelcomeWireframe.swift in Sources */,
				CAF3F7362B1068A400721E96 /* String+Utils.swift in Sources */,
				CAF3F7312B103F6000721E96 /* LoginWelcomeInteractor.swift in Sources */,
				CACC1A8C2B0FE01500BEC237 /* Describable.swift in Sources */,
				CACC1A842B0FBAF400BEC237 /* LocalDataManager.swift in Sources */,
				CAF3F72D2B100A5200721E96 /* User.swift in Sources */,
				CAF3F73C2B10AE7D00721E96 /* DescriptionTableViewCell.swift in Sources */,
				CACC1A6F2B0FB6A600BEC237 /* LoginWelcomePresenter.swift in Sources */,
				CACC1A572B0FB55F00BEC237 /* BaseWireframe.swift in Sources */,
				CACC1A5D2B0FB5CA00BEC237 /* AlertViewModel.swift in Sources */,
				CACC1A782B0FB83900BEC237 /* MainInterfaces.swift in Sources */,
				CACC1A582B0FB55F00BEC237 /* PresenterInterface.swift in Sources */,
				CACC1A722B0FB6A600BEC237 /* InputTextTableViewCell.swift in Sources */,
				CACC1A852B0FBAF400BEC237 /* CoreDataStore.swift in Sources */,
				CACC1A202B0FB4FA00BEC237 /* AppDelegate.swift in Sources */,
				CACC1A592B0FB55F00BEC237 /* ViewInterface.swift in Sources */,
				CACC1A6D2B0FB6A600BEC237 /* LoginWelcomeViewController.swift in Sources */,
				CACC1A2A2B0FB4FA00BEC237 /* Login.xcdatamodeld in Sources */,
				CAF3F7382B1068C100721E96 /* CodingUserInfoKey+Utils.swift in Sources */,
			);
			runOnlyForDeploymentPostprocessing = 0;
		};
		CACC1A312B0FB4FC00BEC237 /* Sources */ = {
			isa = PBXSourcesBuildPhase;
			buildActionMask = 2147483647;
			files = (
				CACC1A3A2B0FB4FC00BEC237 /* LoginTests.swift in Sources */,
			);
			runOnlyForDeploymentPostprocessing = 0;
		};
		CACC1A3B2B0FB4FC00BEC237 /* Sources */ = {
			isa = PBXSourcesBuildPhase;
			buildActionMask = 2147483647;
			files = (
				CACC1A462B0FB4FC00BEC237 /* LoginUITestsLaunchTests.swift in Sources */,
				CACC1A442B0FB4FC00BEC237 /* LoginUITests.swift in Sources */,
			);
			runOnlyForDeploymentPostprocessing = 0;
		};
/* End PBXSourcesBuildPhase section */

/* Begin PBXTargetDependency section */
		CACC1A372B0FB4FC00BEC237 /* PBXTargetDependency */ = {
			isa = PBXTargetDependency;
			target = CACC1A1B2B0FB4FA00BEC237 /* Login */;
			targetProxy = CACC1A362B0FB4FC00BEC237 /* PBXContainerItemProxy */;
		};
		CACC1A412B0FB4FC00BEC237 /* PBXTargetDependency */ = {
			isa = PBXTargetDependency;
			target = CACC1A1B2B0FB4FA00BEC237 /* Login */;
			targetProxy = CACC1A402B0FB4FC00BEC237 /* PBXContainerItemProxy */;
		};
/* End PBXTargetDependency section */

/* Begin PBXVariantGroup section */
		CACC1A2D2B0FB4FB00BEC237 /* LaunchScreen.storyboard */ = {
			isa = PBXVariantGroup;
			children = (
				CACC1A2E2B0FB4FB00BEC237 /* Base */,
			);
			name = LaunchScreen.storyboard;
			sourceTree = "<group>";
		};
/* End PBXVariantGroup section */

/* Begin XCBuildConfiguration section */
		CACC1A472B0FB4FC00BEC237 /* Debug */ = {
			isa = XCBuildConfiguration;
			buildSettings = {
				ALWAYS_SEARCH_USER_PATHS = NO;
				ASSETCATALOG_COMPILER_GENERATE_SWIFT_ASSET_SYMBOL_EXTENSIONS = YES;
				CLANG_ANALYZER_NONNULL = YES;
				CLANG_ANALYZER_NUMBER_OBJECT_CONVERSION = YES_AGGRESSIVE;
				CLANG_CXX_LANGUAGE_STANDARD = "gnu++20";
				CLANG_ENABLE_MODULES = YES;
				CLANG_ENABLE_OBJC_ARC = YES;
				CLANG_ENABLE_OBJC_WEAK = YES;
				CLANG_WARN_BLOCK_CAPTURE_AUTORELEASING = YES;
				CLANG_WARN_BOOL_CONVERSION = YES;
				CLANG_WARN_COMMA = YES;
				CLANG_WARN_CONSTANT_CONVERSION = YES;
				CLANG_WARN_DEPRECATED_OBJC_IMPLEMENTATIONS = YES;
				CLANG_WARN_DIRECT_OBJC_ISA_USAGE = YES_ERROR;
				CLANG_WARN_DOCUMENTATION_COMMENTS = YES;
				CLANG_WARN_EMPTY_BODY = YES;
				CLANG_WARN_ENUM_CONVERSION = YES;
				CLANG_WARN_INFINITE_RECURSION = YES;
				CLANG_WARN_INT_CONVERSION = YES;
				CLANG_WARN_NON_LITERAL_NULL_CONVERSION = YES;
				CLANG_WARN_OBJC_IMPLICIT_RETAIN_SELF = YES;
				CLANG_WARN_OBJC_LITERAL_CONVERSION = YES;
				CLANG_WARN_OBJC_ROOT_CLASS = YES_ERROR;
				CLANG_WARN_QUOTED_INCLUDE_IN_FRAMEWORK_HEADER = YES;
				CLANG_WARN_RANGE_LOOP_ANALYSIS = YES;
				CLANG_WARN_STRICT_PROTOTYPES = YES;
				CLANG_WARN_SUSPICIOUS_MOVE = YES;
				CLANG_WARN_UNGUARDED_AVAILABILITY = YES_AGGRESSIVE;
				CLANG_WARN_UNREACHABLE_CODE = YES;
				CLANG_WARN__DUPLICATE_METHOD_MATCH = YES;
				COPY_PHASE_STRIP = NO;
				DEBUG_INFORMATION_FORMAT = dwarf;
				ENABLE_STRICT_OBJC_MSGSEND = YES;
				ENABLE_TESTABILITY = YES;
				ENABLE_USER_SCRIPT_SANDBOXING = YES;
				GCC_C_LANGUAGE_STANDARD = gnu17;
				GCC_DYNAMIC_NO_PIC = NO;
				GCC_NO_COMMON_BLOCKS = YES;
				GCC_OPTIMIZATION_LEVEL = 0;
				GCC_PREPROCESSOR_DEFINITIONS = (
					"DEBUG=1",
					"$(inherited)",
				);
				GCC_WARN_64_TO_32_BIT_CONVERSION = YES;
				GCC_WARN_ABOUT_RETURN_TYPE = YES_ERROR;
				GCC_WARN_UNDECLARED_SELECTOR = YES;
				GCC_WARN_UNINITIALIZED_AUTOS = YES_AGGRESSIVE;
				GCC_WARN_UNUSED_FUNCTION = YES;
				GCC_WARN_UNUSED_VARIABLE = YES;
				IPHONEOS_DEPLOYMENT_TARGET = 17.0;
				LOCALIZATION_PREFERS_STRING_CATALOGS = YES;
				MTL_ENABLE_DEBUG_INFO = INCLUDE_SOURCE;
				MTL_FAST_MATH = YES;
				ONLY_ACTIVE_ARCH = YES;
				SDKROOT = iphoneos;
				SWIFT_ACTIVE_COMPILATION_CONDITIONS = "DEBUG $(inherited)";
				SWIFT_OPTIMIZATION_LEVEL = "-Onone";
			};
			name = Debug;
		};
		CACC1A482B0FB4FC00BEC237 /* Release */ = {
			isa = XCBuildConfiguration;
			buildSettings = {
				ALWAYS_SEARCH_USER_PATHS = NO;
				ASSETCATALOG_COMPILER_GENERATE_SWIFT_ASSET_SYMBOL_EXTENSIONS = YES;
				CLANG_ANALYZER_NONNULL = YES;
				CLANG_ANALYZER_NUMBER_OBJECT_CONVERSION = YES_AGGRESSIVE;
				CLANG_CXX_LANGUAGE_STANDARD = "gnu++20";
				CLANG_ENABLE_MODULES = YES;
				CLANG_ENABLE_OBJC_ARC = YES;
				CLANG_ENABLE_OBJC_WEAK = YES;
				CLANG_WARN_BLOCK_CAPTURE_AUTORELEASING = YES;
				CLANG_WARN_BOOL_CONVERSION = YES;
				CLANG_WARN_COMMA = YES;
				CLANG_WARN_CONSTANT_CONVERSION = YES;
				CLANG_WARN_DEPRECATED_OBJC_IMPLEMENTATIONS = YES;
				CLANG_WARN_DIRECT_OBJC_ISA_USAGE = YES_ERROR;
				CLANG_WARN_DOCUMENTATION_COMMENTS = YES;
				CLANG_WARN_EMPTY_BODY = YES;
				CLANG_WARN_ENUM_CONVERSION = YES;
				CLANG_WARN_INFINITE_RECURSION = YES;
				CLANG_WARN_INT_CONVERSION = YES;
				CLANG_WARN_NON_LITERAL_NULL_CONVERSION = YES;
				CLANG_WARN_OBJC_IMPLICIT_RETAIN_SELF = YES;
				CLANG_WARN_OBJC_LITERAL_CONVERSION = YES;
				CLANG_WARN_OBJC_ROOT_CLASS = YES_ERROR;
				CLANG_WARN_QUOTED_INCLUDE_IN_FRAMEWORK_HEADER = YES;
				CLANG_WARN_RANGE_LOOP_ANALYSIS = YES;
				CLANG_WARN_STRICT_PROTOTYPES = YES;
				CLANG_WARN_SUSPICIOUS_MOVE = YES;
				CLANG_WARN_UNGUARDED_AVAILABILITY = YES_AGGRESSIVE;
				CLANG_WARN_UNREACHABLE_CODE = YES;
				CLANG_WARN__DUPLICATE_METHOD_MATCH = YES;
				COPY_PHASE_STRIP = NO;
				DEBUG_INFORMATION_FORMAT = "dwarf-with-dsym";
				ENABLE_NS_ASSERTIONS = NO;
				ENABLE_STRICT_OBJC_MSGSEND = YES;
				ENABLE_USER_SCRIPT_SANDBOXING = YES;
				GCC_C_LANGUAGE_STANDARD = gnu17;
				GCC_NO_COMMON_BLOCKS = YES;
				GCC_WARN_64_TO_32_BIT_CONVERSION = YES;
				GCC_WARN_ABOUT_RETURN_TYPE = YES_ERROR;
				GCC_WARN_UNDECLARED_SELECTOR = YES;
				GCC_WARN_UNINITIALIZED_AUTOS = YES_AGGRESSIVE;
				GCC_WARN_UNUSED_FUNCTION = YES;
				GCC_WARN_UNUSED_VARIABLE = YES;
				IPHONEOS_DEPLOYMENT_TARGET = 17.0;
				LOCALIZATION_PREFERS_STRING_CATALOGS = YES;
				MTL_ENABLE_DEBUG_INFO = NO;
				MTL_FAST_MATH = YES;
				SDKROOT = iphoneos;
				SWIFT_COMPILATION_MODE = wholemodule;
				VALIDATE_PRODUCT = YES;
			};
			name = Release;
		};
		CACC1A4A2B0FB4FC00BEC237 /* Debug */ = {
			isa = XCBuildConfiguration;
			buildSettings = {
				ASSETCATALOG_COMPILER_APPICON_NAME = AppIcon;
				ASSETCATALOG_COMPILER_GLOBAL_ACCENT_COLOR_NAME = AccentColor;
				CODE_SIGN_STYLE = Automatic;
				CURRENT_PROJECT_VERSION = 1;
				DEVELOPMENT_TEAM = F3YK5857UA;
				GENERATE_INFOPLIST_FILE = YES;
				INFOPLIST_FILE = Login/Common/Info.plist;
				INFOPLIST_KEY_UIApplicationSupportsIndirectInputEvents = YES;
				INFOPLIST_KEY_UILaunchStoryboardName = LaunchScreen;
				INFOPLIST_KEY_UIMainStoryboardFile = "";
				INFOPLIST_KEY_UISupportedInterfaceOrientations_iPad = "UIInterfaceOrientationPortrait UIInterfaceOrientationPortraitUpsideDown UIInterfaceOrientationLandscapeLeft UIInterfaceOrientationLandscapeRight";
				INFOPLIST_KEY_UISupportedInterfaceOrientations_iPhone = "UIInterfaceOrientationPortrait UIInterfaceOrientationLandscapeLeft UIInterfaceOrientationLandscapeRight";
				LD_RUNPATH_SEARCH_PATHS = (
					"$(inherited)",
					"@executable_path/Frameworks",
				);
				MARKETING_VERSION = 1.0;
				PRODUCT_BUNDLE_IDENTIFIER = com.login.team.Login;
				PRODUCT_NAME = "$(TARGET_NAME)";
				SWIFT_EMIT_LOC_STRINGS = YES;
				SWIFT_VERSION = 5.0;
				TARGETED_DEVICE_FAMILY = "1,2";
			};
			name = Debug;
		};
		CACC1A4B2B0FB4FC00BEC237 /* Release */ = {
			isa = XCBuildConfiguration;
			buildSettings = {
				ASSETCATALOG_COMPILER_APPICON_NAME = AppIcon;
				ASSETCATALOG_COMPILER_GLOBAL_ACCENT_COLOR_NAME = AccentColor;
				CODE_SIGN_STYLE = Automatic;
				CURRENT_PROJECT_VERSION = 1;
				DEVELOPMENT_TEAM = F3YK5857UA;
				GENERATE_INFOPLIST_FILE = YES;
				INFOPLIST_FILE = Login/Common/Info.plist;
				INFOPLIST_KEY_UIApplicationSupportsIndirectInputEvents = YES;
				INFOPLIST_KEY_UILaunchStoryboardName = LaunchScreen;
				INFOPLIST_KEY_UIMainStoryboardFile = "";
				INFOPLIST_KEY_UISupportedInterfaceOrientations_iPad = "UIInterfaceOrientationPortrait UIInterfaceOrientationPortraitUpsideDown UIInterfaceOrientationLandscapeLeft UIInterfaceOrientationLandscapeRight";
				INFOPLIST_KEY_UISupportedInterfaceOrientations_iPhone = "UIInterfaceOrientationPortrait UIInterfaceOrientationLandscapeLeft UIInterfaceOrientationLandscapeRight";
				LD_RUNPATH_SEARCH_PATHS = (
					"$(inherited)",
					"@executable_path/Frameworks",
				);
				MARKETING_VERSION = 1.0;
				PRODUCT_BUNDLE_IDENTIFIER = com.login.team.Login;
				PRODUCT_NAME = "$(TARGET_NAME)";
				SWIFT_EMIT_LOC_STRINGS = YES;
				SWIFT_VERSION = 5.0;
				TARGETED_DEVICE_FAMILY = "1,2";
			};
			name = Release;
		};
		CACC1A4D2B0FB4FC00BEC237 /* Debug */ = {
			isa = XCBuildConfiguration;
			buildSettings = {
				ALWAYS_EMBED_SWIFT_STANDARD_LIBRARIES = YES;
				BUNDLE_LOADER = "$(TEST_HOST)";
				CODE_SIGN_STYLE = Automatic;
				CURRENT_PROJECT_VERSION = 1;
				GENERATE_INFOPLIST_FILE = YES;
				IPHONEOS_DEPLOYMENT_TARGET = 17.0;
				MARKETING_VERSION = 1.0;
				PRODUCT_BUNDLE_IDENTIFIER = com.login.team.LoginTests;
				PRODUCT_NAME = "$(TARGET_NAME)";
				SWIFT_EMIT_LOC_STRINGS = NO;
				SWIFT_VERSION = 5.0;
				TARGETED_DEVICE_FAMILY = "1,2";
				TEST_HOST = "$(BUILT_PRODUCTS_DIR)/Login.app/$(BUNDLE_EXECUTABLE_FOLDER_PATH)/Login";
			};
			name = Debug;
		};
		CACC1A4E2B0FB4FC00BEC237 /* Release */ = {
			isa = XCBuildConfiguration;
			buildSettings = {
				ALWAYS_EMBED_SWIFT_STANDARD_LIBRARIES = YES;
				BUNDLE_LOADER = "$(TEST_HOST)";
				CODE_SIGN_STYLE = Automatic;
				CURRENT_PROJECT_VERSION = 1;
				GENERATE_INFOPLIST_FILE = YES;
				IPHONEOS_DEPLOYMENT_TARGET = 17.0;
				MARKETING_VERSION = 1.0;
				PRODUCT_BUNDLE_IDENTIFIER = com.login.team.LoginTests;
				PRODUCT_NAME = "$(TARGET_NAME)";
				SWIFT_EMIT_LOC_STRINGS = NO;
				SWIFT_VERSION = 5.0;
				TARGETED_DEVICE_FAMILY = "1,2";
				TEST_HOST = "$(BUILT_PRODUCTS_DIR)/Login.app/$(BUNDLE_EXECUTABLE_FOLDER_PATH)/Login";
			};
			name = Release;
		};
		CACC1A502B0FB4FC00BEC237 /* Debug */ = {
			isa = XCBuildConfiguration;
			buildSettings = {
				ALWAYS_EMBED_SWIFT_STANDARD_LIBRARIES = YES;
				CODE_SIGN_STYLE = Automatic;
				CURRENT_PROJECT_VERSION = 1;
				GENERATE_INFOPLIST_FILE = YES;
				MARKETING_VERSION = 1.0;
				PRODUCT_BUNDLE_IDENTIFIER = com.login.team.LoginUITests;
				PRODUCT_NAME = "$(TARGET_NAME)";
				SWIFT_EMIT_LOC_STRINGS = NO;
				SWIFT_VERSION = 5.0;
				TARGETED_DEVICE_FAMILY = "1,2";
				TEST_TARGET_NAME = Login;
			};
			name = Debug;
		};
		CACC1A512B0FB4FC00BEC237 /* Release */ = {
			isa = XCBuildConfiguration;
			buildSettings = {
				ALWAYS_EMBED_SWIFT_STANDARD_LIBRARIES = YES;
				CODE_SIGN_STYLE = Automatic;
				CURRENT_PROJECT_VERSION = 1;
				GENERATE_INFOPLIST_FILE = YES;
				MARKETING_VERSION = 1.0;
				PRODUCT_BUNDLE_IDENTIFIER = com.login.team.LoginUITests;
				PRODUCT_NAME = "$(TARGET_NAME)";
				SWIFT_EMIT_LOC_STRINGS = NO;
				SWIFT_VERSION = 5.0;
				TARGETED_DEVICE_FAMILY = "1,2";
				TEST_TARGET_NAME = Login;
			};
			name = Release;
		};
/* End XCBuildConfiguration section */

/* Begin XCConfigurationList section */
		CACC1A172B0FB4FA00BEC237 /* Build configuration list for PBXProject "Login" */ = {
			isa = XCConfigurationList;
			buildConfigurations = (
				CACC1A472B0FB4FC00BEC237 /* Debug */,
				CACC1A482B0FB4FC00BEC237 /* Release */,
			);
			defaultConfigurationIsVisible = 0;
			defaultConfigurationName = Release;
		};
		CACC1A492B0FB4FC00BEC237 /* Build configuration list for PBXNativeTarget "Login" */ = {
			isa = XCConfigurationList;
			buildConfigurations = (
				CACC1A4A2B0FB4FC00BEC237 /* Debug */,
				CACC1A4B2B0FB4FC00BEC237 /* Release */,
			);
			defaultConfigurationIsVisible = 0;
			defaultConfigurationName = Release;
		};
		CACC1A4C2B0FB4FC00BEC237 /* Build configuration list for PBXNativeTarget "LoginTests" */ = {
			isa = XCConfigurationList;
			buildConfigurations = (
				CACC1A4D2B0FB4FC00BEC237 /* Debug */,
				CACC1A4E2B0FB4FC00BEC237 /* Release */,
			);
			defaultConfigurationIsVisible = 0;
			defaultConfigurationName = Release;
		};
		CACC1A4F2B0FB4FC00BEC237 /* Build configuration list for PBXNativeTarget "LoginUITests" */ = {
			isa = XCConfigurationList;
			buildConfigurations = (
				CACC1A502B0FB4FC00BEC237 /* Debug */,
				CACC1A512B0FB4FC00BEC237 /* Release */,
			);
			defaultConfigurationIsVisible = 0;
			defaultConfigurationName = Release;
		};
/* End XCConfigurationList section */

/* Begin XCVersionGroup section */
		CACC1A282B0FB4FA00BEC237 /* Login.xcdatamodeld */ = {
			isa = XCVersionGroup;
			children = (
				CACC1A292B0FB4FA00BEC237 /* Login.xcdatamodel */,
			);
			currentVersion = CACC1A292B0FB4FA00BEC237 /* Login.xcdatamodel */;
			path = Login.xcdatamodeld;
			sourceTree = "<group>";
			versionGroupType = wrapper.xcdatamodel;
		};
/* End XCVersionGroup section */
	};
	rootObject = CACC1A142B0FB4FA00BEC237 /* Project object */;
}
